
Microsoft Visual Studio Solution File, Format Version 12.00
# Visual Studio Version 17
VisualStudioVersion = 17.0.31903.59
MinimumVisualStudioVersion = 10.0.40219.1
Project("{2150E333-8FDC-42A3-9474-1A3956D46DE8}") = "src", "src", "{DA37C367-7483-4BC2-9A91-9BC45D1DCBF3}"
EndProject
Project("{FAE04EC0-301F-11D3-BF4B-00C04F79EFBC}") = "Acme.Net.Sdk", "src\Acme.Net.Sdk\Acme.Net.Sdk.csproj", "{70B56F2C-6E97-4FBA-8FBE-AF0F3CB78856}"
EndProject
Project("{2150E333-8FDC-42A3-9474-1A3956D46DE8}") = "test", "test", "{E4EEB9AB-90DF-43A7-ABAD-19D8D82BA834}"
EndProject
Project("{FAE04EC0-301F-11D3-BF4B-00C04F79EFBC}") = "Acme.Net.Sdk.Tests", "test\Acme.Net.Sdk.Tests\Acme.Net.Sdk.Tests.csproj", "{F693B751-253C-482B-A33E-AD9A2B5C4D14}"
EndProject
Global
	GlobalSection(SolutionConfigurationPlatforms) = preSolution
		Debug|Any CPU = Debug|Any CPU
		Release|Any CPU = Release|Any CPU
	EndGlobalSection
	GlobalSection(SolutionProperties) = preSolution
		HideSolutionNode = FALSE
	EndGlobalSection
	GlobalSection(ProjectConfigurationPlatforms) = postSolution
		{70B56F2C-6E97-4FBA-8FBE-AF0F3CB78856}.Debug|Any CPU.ActiveCfg = Debug|Any CPU
		{70B56F2C-6E97-4FBA-8FBE-AF0F3CB78856}.Debug|Any CPU.Build.0 = Debug|Any CPU
		{70B56F2C-6E97-4FBA-8FBE-AF0F3CB78856}.Release|Any CPU.ActiveCfg = Release|Any CPU
		{70B56F2C-6E97-4FBA-8FBE-AF0F3CB78856}.Release|Any CPU.Build.0 = Release|Any CPU
		{F693B751-253C-482B-A33E-AD9A2B5C4D14}.Debug|Any CPU.ActiveCfg = Debug|Any CPU
		{F693B751-253C-482B-A33E-AD9A2B5C4D14}.Debug|Any CPU.Build.0 = Debug|Any CPU
		{F693B751-253C-482B-A33E-AD9A2B5C4D14}.Release|Any CPU.ActiveCfg = Release|Any CPU
		{F693B751-253C-482B-A33E-AD9A2B5C4D14}.Release|Any CPU.Build.0 = Release|Any CPU
	EndGlobalSection
	GlobalSection(NestedProjects) = preSolution
		{70B56F2C-6E97-4FBA-8FBE-AF0F3CB78856} = {DA37C367-7483-4BC2-9A91-9BC45D1DCBF3}
		{F693B751-253C-482B-A33E-AD9A2B5C4D14} = {E4EEB9AB-90DF-43A7-ABAD-19D8D82BA834}
	EndGlobalSection
EndGlobal
